
Microsoft Visual Studio Solution File, Format Version 12.00
# Visual Studio Version 17
VisualStudioVersion = 17.1.32210.238
MinimumVisualStudioVersion = 10.0.40219.1
Project("{8BC9CEB8-8B4A-11D0-8D11-00A0C91BC942}") = "Lab_12_oop_3.3G", "Lab_12_oop_3.3G\Lab_12_oop_3.3G.vcxproj", "{135914C6-D8B4-45AC-B79F-2C2B40F4CBF7}"
EndProject
Project("{8BC9CEB8-8B4A-11D0-8D11-00A0C91BC942}") = "UnitTest", "UnitTest\UnitTest.vcxproj", "{66EFE5CE-1789-4383-992F-4EDC15AA9CD9}"
EndProject
Global
	GlobalSection(SolutionConfigurationPlatforms) = preSolution
		Debug|x64 = Debug|x64
		Debug|x86 = Debug|x86
		Release|x64 = Release|x64
		Release|x86 = Release|x86
	EndGlobalSection
	GlobalSection(ProjectConfigurationPlatforms) = postSolution
		{135914C6-D8B4-45AC-B79F-2C2B40F4CBF7}.Debug|x64.ActiveCfg = Debug|x64
		{135914C6-D8B4-45AC-B79F-2C2B40F4CBF7}.Debug|x64.Build.0 = Debug|x64
		{135914C6-D8B4-45AC-B79F-2C2B40F4CBF7}.Debug|x86.ActiveCfg = Debug|Win32
		{135914C6-D8B4-45AC-B79F-2C2B40F4CBF7}.Debug|x86.Build.0 = Debug|Win32
		{135914C6-D8B4-45AC-B79F-2C2B40F4CBF7}.Release|x64.ActiveCfg = Release|x64
		{135914C6-D8B4-45AC-B79F-2C2B40F4CBF7}.Release|x64.Build.0 = Release|x64
		{135914C6-D8B4-45AC-B79F-2C2B40F4CBF7}.Release|x86.ActiveCfg = Release|Win32
		{135914C6-D8B4-45AC-B79F-2C2B40F4CBF7}.Release|x86.Build.0 = Release|Win32
		{66EFE5CE-1789-4383-992F-4EDC15AA9CD9}.Debug|x64.ActiveCfg = Debug|x64
		{66EFE5CE-1789-4383-992F-4EDC15AA9CD9}.Debug|x64.Build.0 = Debug|x64
		{66EFE5CE-1789-4383-992F-4EDC15AA9CD9}.Debug|x86.ActiveCfg = Debug|Win32
		{66EFE5CE-1789-4383-992F-4EDC15AA9CD9}.Debug|x86.Build.0 = Debug|Win32
		{66EFE5CE-1789-4383-992F-4EDC15AA9CD9}.Release|x64.ActiveCfg = Release|x64
		{66EFE5CE-1789-4383-992F-4EDC15AA9CD9}.Release|x64.Build.0 = Release|x64
		{66EFE5CE-1789-4383-992F-4EDC15AA9CD9}.Release|x86.ActiveCfg = Release|Win32
		{66EFE5CE-1789-4383-992F-4EDC15AA9CD9}.Release|x86.Build.0 = Release|Win32
	EndGlobalSection
	GlobalSection(SolutionProperties) = preSolution
		HideSolutionNode = FALSE
	EndGlobalSection
	GlobalSection(ExtensibilityGlobals) = postSolution
		SolutionGuid = {A7C37890-98FF-49B6-9DCE-74A1E8E61CE5}
	EndGlobalSection
EndGlobal
